
Microsoft Visual Studio Solution File, Format Version 12.00
# Visual Studio Version 17
VisualStudioVersion = 17.3.32929.385
MinimumVisualStudioVersion = 10.0.40219.1
Project("{FAE04EC0-301F-11D3-BF4B-00C04F79EFBC}") = "QuaDigiTask", "QuaDigiTask\QuaDigiTask.csproj", "{9B02FE62-8601-4A14-8F5F-FEB7D2BC8CDD}"
EndProject
Project("{FAE04EC0-301F-11D3-BF4B-00C04F79EFBC}") = "QuaDigiTaskTest", "QuaDigiTaskTest\QuaDigiTaskTest.csproj", "{7826B3A0-98FB-4C8E-A2F9-156F6086A8F8}"
EndProject
Global
	GlobalSection(SolutionConfigurationPlatforms) = preSolution
		Debug|Any CPU = Debug|Any CPU
		Release|Any CPU = Release|Any CPU
	EndGlobalSection
	GlobalSection(ProjectConfigurationPlatforms) = postSolution
		{9B02FE62-8601-4A14-8F5F-FEB7D2BC8CDD}.Debug|Any CPU.ActiveCfg = Debug|Any CPU
		{9B02FE62-8601-4A14-8F5F-FEB7D2BC8CDD}.Debug|Any CPU.Build.0 = Debug|Any CPU
		{9B02FE62-8601-4A14-8F5F-FEB7D2BC8CDD}.Release|Any CPU.ActiveCfg = Release|Any CPU
		{9B02FE62-8601-4A14-8F5F-FEB7D2BC8CDD}.Release|Any CPU.Build.0 = Release|Any CPU
		{7826B3A0-98FB-4C8E-A2F9-156F6086A8F8}.Debug|Any CPU.ActiveCfg = Debug|Any CPU
		{7826B3A0-98FB-4C8E-A2F9-156F6086A8F8}.Debug|Any CPU.Build.0 = Debug|Any CPU
		{7826B3A0-98FB-4C8E-A2F9-156F6086A8F8}.Release|Any CPU.ActiveCfg = Release|Any CPU
		{7826B3A0-98FB-4C8E-A2F9-156F6086A8F8}.Release|Any CPU.Build.0 = Release|Any CPU
	EndGlobalSection
	GlobalSection(SolutionProperties) = preSolution
		HideSolutionNode = FALSE
	EndGlobalSection
	GlobalSection(ExtensibilityGlobals) = postSolution
		SolutionGuid = {090D6C97-2B6C-4F9E-8005-A6FF515DC522}
	EndGlobalSection
EndGlobal
